// !$*UTF8*$!
{
	archiveVersion = 1;
	classes = {
	};
	objectVersion = 50;
	objects = {

/* Begin PBXBuildFile section */
		AECD20F22372A9AA00C870FD /* AppDelegate.swift in Sources */ = {isa = PBXBuildFile; fileRef = AECD20F12372A9AA00C870FD /* AppDelegate.swift */; };
		AECD20F42372A9AA00C870FD /* SceneDelegate.swift in Sources */ = {isa = PBXBuildFile; fileRef = AECD20F32372A9AA00C870FD /* SceneDelegate.swift */; };
		AECD20F62372A9AA00C870FD /* ViewController.swift in Sources */ = {isa = PBXBuildFile; fileRef = AECD20F52372A9AA00C870FD /* ViewController.swift */; };
		AECD20F92372A9AA00C870FD /* Main.storyboard in Resources */ = {isa = PBXBuildFile; fileRef = AECD20F72372A9AA00C870FD /* Main.storyboard */; };
		AECD20FC2372A9AA00C870FD /* ios_viper.xcdatamodeld in Sources */ = {isa = PBXBuildFile; fileRef = AECD20FA2372A9AA00C870FD /* ios_viper.xcdatamodeld */; };
		AECD20FE2372A9AB00C870FD /* Assets.xcassets in Resources */ = {isa = PBXBuildFile; fileRef = AECD20FD2372A9AB00C870FD /* Assets.xcassets */; };
		AECD21012372A9AB00C870FD /* LaunchScreen.storyboard in Resources */ = {isa = PBXBuildFile; fileRef = AECD20FF2372A9AB00C870FD /* LaunchScreen.storyboard */; };
/* End PBXBuildFile section */

/* Begin PBXFileReference section */
		AECD20EE2372A9AA00C870FD /* ios_viper.app */ = {isa = PBXFileReference; explicitFileType = wrapper.application; includeInIndex = 0; path = ios_viper.app; sourceTree = BUILT_PRODUCTS_DIR; };
		AECD20F12372A9AA00C870FD /* AppDelegate.swift */ = {isa = PBXFileReference; lastKnownFileType = sourcecode.swift; path = AppDelegate.swift; sourceTree = "<group>"; };
		AECD20F32372A9AA00C870FD /* SceneDelegate.swift */ = {isa = PBXFileReference; lastKnownFileType = sourcecode.swift; path = SceneDelegate.swift; sourceTree = "<group>"; };
		AECD20F52372A9AA00C870FD /* ViewController.swift */ = {isa = PBXFileReference; lastKnownFileType = sourcecode.swift; path = ViewController.swift; sourceTree = "<group>"; };
		AECD20F82372A9AA00C870FD /* Base */ = {isa = PBXFileReference; lastKnownFileType = file.storyboard; name = Base; path = Base.lproj/Main.storyboard; sourceTree = "<group>"; };
		AECD20FB2372A9AA00C870FD /* ios_viper.xcdatamodel */ = {isa = PBXFileReference; lastKnownFileType = wrapper.xcdatamodel; path = ios_viper.xcdatamodel; sourceTree = "<group>"; };
		AECD20FD2372A9AB00C870FD /* Assets.xcassets */ = {isa = PBXFileReference; lastKnownFileType = folder.assetcatalog; path = Assets.xcassets; sourceTree = "<group>"; };
		AECD21002372A9AB00C870FD /* Base */ = {isa = PBXFileReference; lastKnownFileType = file.storyboard; name = Base; path = Base.lproj/LaunchScreen.storyboard; sourceTree = "<group>"; };
		AECD21022372A9AB00C870FD /* Info.plist */ = {isa = PBXFileReference; lastKnownFileType = text.plist.xml; path = Info.plist; sourceTree = "<group>"; };
/* End PBXFileReference section */

/* Begin PBXFrameworksBuildPhase section */
		AECD20EB2372A9AA00C870FD /* Frameworks */ = {
			isa = PBXFrameworksBuildPhase;
			buildActionMask = 2147483647;
			files = (
			);
			runOnlyForDeploymentPostprocessing = 0;
		};
/* End PBXFrameworksBuildPhase section */

/* Begin PBXGroup section */
		AECD20E52372A9AA00C870FD = {
			isa = PBXGroup;
			children = (
				AECD20F02372A9AA00C870FD /* ios_viper */,
				AECD20EF2372A9AA00C870FD /* Products */,
			);
			sourceTree = "<group>";
		};
		AECD20EF2372A9AA00C870FD /* Products */ = {
			isa = PBXGroup;
			children = (
				AECD20EE2372A9AA00C870FD /* ios_viper.app */,
			);
			name = Products;
			sourceTree = "<group>";
		};
		AECD20F02372A9AA00C870FD /* ios_viper */ = {
			isa = PBXGroup;
			children = (
				AECD20F12372A9AA00C870FD /* AppDelegate.swift */,
				AECD20F32372A9AA00C870FD /* SceneDelegate.swift */,
				AECD20F52372A9AA00C870FD /* ViewController.swift */,
				AECD20F72372A9AA00C870FD /* Main.storyboard */,
				AECD20FD2372A9AB00C870FD /* Assets.xcassets */,
				AECD20FF2372A9AB00C870FD /* LaunchScreen.storyboard */,
				AECD21022372A9AB00C870FD /* Info.plist */,
				AECD20FA2372A9AA00C870FD /* ios_viper.xcdatamodeld */,
			);
			path = ios_viper;
			sourceTree = "<group>";
		};
/* End PBXGroup section */

/* Begin PBXNativeTarget section */
		AECD20ED2372A9AA00C870FD /* ios_viper */ = {
			isa = PBXNativeTarget;
			buildConfigurationList = AECD21052372A9AB00C870FD /* Build configuration list for PBXNativeTarget "ios_viper" */;
			buildPhases = (
				AECD20EA2372A9AA00C870FD /* Sources */,
				AECD20EB2372A9AA00C870FD /* Frameworks */,
				AECD20EC2372A9AA00C870FD /* Resources */,
			);
			buildRules = (
			);
			dependencies = (
			);
			name = ios_viper;
			productName = ios_viper;
			productReference = AECD20EE2372A9AA00C870FD /* ios_viper.app */;
			productType = "com.apple.product-type.application";
		};
/* End PBXNativeTarget section */

/* Begin PBXProject section */
		AECD20E62372A9AA00C870FD /* Project object */ = {
			isa = PBXProject;
			attributes = {
				LastSwiftUpdateCheck = 1110;
				LastUpgradeCheck = 1110;
				ORGANIZATIONNAME = UHanaro;
				TargetAttributes = {
					AECD20ED2372A9AA00C870FD = {
						CreatedOnToolsVersion = 11.1;
					};
				};
			};
			buildConfigurationList = AECD20E92372A9AA00C870FD /* Build configuration list for PBXProject "ios_viper" */;
			compatibilityVersion = "Xcode 9.3";
			developmentRegion = en;
			hasScannedForEncodings = 0;
			knownRegions = (
				en,
				Base,
			);
			mainGroup = AECD20E52372A9AA00C870FD;
			productRefGroup = AECD20EF2372A9AA00C870FD /* Products */;
			projectDirPath = "";
			projectRoot = "";
			targets = (
				AECD20ED2372A9AA00C870FD /* ios_viper */,
			);
		};
/* End PBXProject section */

/* Begin PBXResourcesBuildPhase section */
		AECD20EC2372A9AA00C870FD /* Resources */ = {
			isa = PBXResourcesBuildPhase;
			buildActionMask = 2147483647;
			files = (
				AECD21012372A9AB00C870FD /* LaunchScreen.storyboard in Resources */,
				AECD20FE2372A9AB00C870FD /* Assets.xcassets in Resources */,
				AECD20F92372A9AA00C870FD /* Main.storyboard in Resources */,
			);
			runOnlyForDeploymentPostprocessing = 0;
		};
/* End PBXResourcesBuildPhase section */

/* Begin PBXSourcesBuildPhase section */
		AECD20EA2372A9AA00C870FD /* Sources */ = {
			isa = PBXSourcesBuildPhase;
			buildActionMask = 2147483647;
			files = (
				AECD20F62372A9AA00C870FD /* ViewController.swift in Sources */,
				AECD20F22372A9AA00C870FD /* AppDelegate.swift in Sources */,
				AECD20FC2372A9AA00C870FD /* ios_viper.xcdatamodeld in Sources */,
				AECD20F42372A9AA00C870FD /* SceneDelegate.swift in Sources */,
			);
			runOnlyForDeploymentPostprocessing = 0;
		};
/* End PBXSourcesBuildPhase section */

/* Begin PBXVariantGroup section */
		AECD20F72372A9AA00C870FD /* Main.storyboard */ = {
			isa = PBXVariantGroup;
			children = (
				AECD20F82372A9AA00C870FD /* Base */,
			);
			name = Main.storyboard;
			sourceTree = "<group>";
		};
		AECD20FF2372A9AB00C870FD /* LaunchScreen.storyboard */ = {
			isa = PBXVariantGroup;
			children = (
				AECD21002372A9AB00C870FD /* Base */,
			);
			name = LaunchScreen.storyboard;
			sourceTree = "<group>";
		};
/* End PBXVariantGroup section */

/* Begin XCBuildConfiguration section */
		AECD21032372A9AB00C870FD /* Debug */ = {
			isa = XCBuildConfiguration;
			buildSettings = {
				ALWAYS_SEARCH_USER_PATHS = NO;
				CLANG_ANALYZER_NONNULL = YES;
				CLANG_ANALYZER_NUMBER_OBJECT_CONVERSION = YES_AGGRESSIVE;
				CLANG_CXX_LANGUAGE_STANDARD = "gnu++14";
				CLANG_CXX_LIBRARY = "libc++";
				CLANG_ENABLE_MODULES = YES;
				CLANG_ENABLE_OBJC_ARC = YES;
				CLANG_ENABLE_OBJC_WEAK = YES;
				CLANG_WARN_BLOCK_CAPTURE_AUTORELEASING = YES;
				CLANG_WARN_BOOL_CONVERSION = YES;
				CLANG_WARN_COMMA = YES;
				CLANG_WARN_CONSTANT_CONVERSION = YES;
				CLANG_WARN_DEPRECATED_OBJC_IMPLEMENTATIONS = YES;
				CLANG_WARN_DIRECT_OBJC_ISA_USAGE = YES_ERROR;
				CLANG_WARN_DOCUMENTATION_COMMENTS = YES;
				CLANG_WARN_EMPTY_BODY = YES;
				CLANG_WARN_ENUM_CONVERSION = YES;
				CLANG_WARN_INFINITE_RECURSION = YES;
				CLANG_WARN_INT_CONVERSION = YES;
				CLANG_WARN_NON_LITERAL_NULL_CONVERSION = YES;
				CLANG_WARN_OBJC_IMPLICIT_RETAIN_SELF = YES;
				CLANG_WARN_OBJC_LITERAL_CONVERSION = YES;
				CLANG_WARN_OBJC_ROOT_CLASS = YES_ERROR;
				CLANG_WARN_RANGE_LOOP_ANALYSIS = YES;
				CLANG_WARN_STRICT_PROTOTYPES = YES;
				CLANG_WARN_SUSPICIOUS_MOVE = YES;
				CLANG_WARN_UNGUARDED_AVAILABILITY = YES_AGGRESSIVE;
				CLANG_WARN_UNREACHABLE_CODE = YES;
				CLANG_WARN__DUPLICATE_METHOD_MATCH = YES;
				COPY_PHASE_STRIP = NO;
				DEBUG_INFORMATION_FORMAT = dwarf;
				ENABLE_STRICT_OBJC_MSGSEND = YES;
				ENABLE_TESTABILITY = YES;
				GCC_C_LANGUAGE_STANDARD = gnu11;
				GCC_DYNAMIC_NO_PIC = NO;
				GCC_NO_COMMON_BLOCKS = YES;
				GCC_OPTIMIZATION_LEVEL = 0;
				GCC_PREPROCESSOR_DEFINITIONS = (
					"DEBUG=1",
					"$(inherited)",
				);
				GCC_WARN_64_TO_32_BIT_CONVERSION = YES;
				GCC_WARN_ABOUT_RETURN_TYPE = YES_ERROR;
				GCC_WARN_UNDECLARED_SELECTOR = YES;
				GCC_WARN_UNINITIALIZED_AUTOS = YES_AGGRESSIVE;
				GCC_WARN_UNUSED_FUNCTION = YES;
				GCC_WARN_UNUSED_VARIABLE = YES;
				IPHONEOS_DEPLOYMENT_TARGET = 13.1;
				MTL_ENABLE_DEBUG_INFO = INCLUDE_SOURCE;
				MTL_FAST_MATH = YES;
				ONLY_ACTIVE_ARCH = YES;
				SDKROOT = iphoneos;
				SWIFT_ACTIVE_COMPILATION_CONDITIONS = DEBUG;
				SWIFT_OPTIMIZATION_LEVEL = "-Onone";
			};
			name = Debug;
		};
		AECD21042372A9AB00C870FD /* Release */ = {
			isa = XCBuildConfiguration;
			buildSettings = {
				ALWAYS_SEARCH_USER_PATHS = NO;
				CLANG_ANALYZER_NONNULL = YES;
				CLANG_ANALYZER_NUMBER_OBJECT_CONVERSION = YES_AGGRESSIVE;
				CLANG_CXX_LANGUAGE_STANDARD = "gnu++14";
				CLANG_CXX_LIBRARY = "libc++";
				CLANG_ENABLE_MODULES = YES;
				CLANG_ENABLE_OBJC_ARC = YES;
				CLANG_ENABLE_OBJC_WEAK = YES;
				CLANG_WARN_BLOCK_CAPTURE_AUTORELEASING = YES;
				CLANG_WARN_BOOL_CONVERSION = YES;
				CLANG_WARN_COMMA = YES;
				CLANG_WARN_CONSTANT_CONVERSION = YES;
				CLANG_WARN_DEPRECATED_OBJC_IMPLEMENTATIONS = YES;
				CLANG_WARN_DIRECT_OBJC_ISA_USAGE = YES_ERROR;
				CLANG_WARN_DOCUMENTATION_COMMENTS = YES;
				CLANG_WARN_EMPTY_BODY = YES;
				CLANG_WARN_ENUM_CONVERSION = YES;
				CLANG_WARN_INFINITE_RECURSION = YES;
				CLANG_WARN_INT_CONVERSION = YES;
				CLANG_WARN_NON_LITERAL_NULL_CONVERSION = YES;
				CLANG_WARN_OBJC_IMPLICIT_RETAIN_SELF = YES;
				CLANG_WARN_OBJC_LITERAL_CONVERSION = YES;
				CLANG_WARN_OBJC_ROOT_CLASS = YES_ERROR;
				CLANG_WARN_RANGE_LOOP_ANALYSIS = YES;
				CLANG_WARN_STRICT_PROTOTYPES = YES;
				CLANG_WARN_SUSPICIOUS_MOVE = YES;
				CLANG_WARN_UNGUARDED_AVAILABILITY = YES_AGGRESSIVE;
				CLANG_WARN_UNREACHABLE_CODE = YES;
				CLANG_WARN__DUPLICATE_METHOD_MATCH = YES;
				COPY_PHASE_STRIP = NO;
				DEBUG_INFORMATION_FORMAT = "dwarf-with-dsym";
				ENABLE_NS_ASSERTIONS = NO;
				ENABLE_STRICT_OBJC_MSGSEND = YES;
				GCC_C_LANGUAGE_STANDARD = gnu11;
				GCC_NO_COMMON_BLOCKS = YES;
				GCC_WARN_64_TO_32_BIT_CONVERSION = YES;
				GCC_WARN_ABOUT_RETURN_TYPE = YES_ERROR;
				GCC_WARN_UNDECLARED_SELECTOR = YES;
				GCC_WARN_UNINITIALIZED_AUTOS = YES_AGGRESSIVE;
				GCC_WARN_UNUSED_FUNCTION = YES;
				GCC_WARN_UNUSED_VARIABLE = YES;
				IPHONEOS_DEPLOYMENT_TARGET = 13.1;
				MTL_ENABLE_DEBUG_INFO = NO;
				MTL_FAST_MATH = YES;
				SDKROOT = iphoneos;
				SWIFT_COMPILATION_MODE = wholemodule;
				SWIFT_OPTIMIZATION_LEVEL = "-O";
				VALIDATE_PRODUCT = YES;
			};
			name = Release;
		};
		AECD21062372A9AB00C870FD /* Debug */ = {
			isa = XCBuildConfiguration;
			buildSettings = {
				ASSETCATALOG_COMPILER_APPICON_NAME = AppIcon;
				CODE_SIGN_STYLE = Automatic;
				DEVELOPMENT_TEAM = J3W8CBV6UZ;
				INFOPLIST_FILE = ios_viper/Info.plist;
				LD_RUNPATH_SEARCH_PATHS = (
					"$(inherited)",
					"@executable_path/Frameworks",
				);
				PRODUCT_BUNDLE_IDENTIFIER = "com.universalhanaro.ios-viper";
				PRODUCT_NAME = "$(TARGET_NAME)";
				SWIFT_VERSION = 5.0;
				TARGETED_DEVICE_FAMILY = "1,2";
			};
			name = Debug;
		};
		AECD21072372A9AB00C870FD /* Release */ = {
			isa = XCBuildConfiguration;
			buildSettings = {
				ASSETCATALOG_COMPILER_APPICON_NAME = AppIcon;
				CODE_SIGN_STYLE = Automatic;
				DEVELOPMENT_TEAM = J3W8CBV6UZ;
				INFOPLIST_FILE = ios_viper/Info.plist;
				LD_RUNPATH_SEARCH_PATHS = (
					"$(inherited)",
					"@executable_path/Frameworks",
				);
				PRODUCT_BUNDLE_IDENTIFIER = "com.universalhanaro.ios-viper";
				PRODUCT_NAME = "$(TARGET_NAME)";
				SWIFT_VERSION = 5.0;
				TARGETED_DEVICE_FAMILY = "1,2";
			};
			name = Release;
		};
/* End XCBuildConfiguration section */

/* Begin XCConfigurationList section */
		AECD20E92372A9AA00C870FD /* Build configuration list for PBXProject "ios_viper" */ = {
			isa = XCConfigurationList;
			buildConfigurations = (
				AECD21032372A9AB00C870FD /* Debug */,
				AECD21042372A9AB00C870FD /* Release */,
			);
			defaultConfigurationIsVisible = 0;
			defaultConfigurationName = Release;
		};
		AECD21052372A9AB00C870FD /* Build configuration list for PBXNativeTarget "ios_viper" */ = {
			isa = XCConfigurationList;
			buildConfigurations = (
				AECD21062372A9AB00C870FD /* Debug */,
				AECD21072372A9AB00C870FD /* Release */,
			);
			defaultConfigurationIsVisible = 0;
			defaultConfigurationName = Release;
		};
/* End XCConfigurationList section */

/* Begin XCVersionGroup section */
		AECD20FA2372A9AA00C870FD /* ios_viper.xcdatamodeld */ = {
			isa = XCVersionGroup;
			children = (
				AECD20FB2372A9AA00C870FD /* ios_viper.xcdatamodel */,
			);
			currentVersion = AECD20FB2372A9AA00C870FD /* ios_viper.xcdatamodel */;
			path = ios_viper.xcdatamodeld;
			sourceTree = "<group>";
			versionGroupType = wrapper.xcdatamodel;
		};
/* End XCVersionGroup section */
	};
	rootObject = AECD20E62372A9AA00C870FD /* Project object */;
}
